// !$*UTF8*$!
{
	archiveVersion = 1;
	classes = {
	};
	objectVersion = 55;
	objects = {

/* Begin PBXBuildFile section */
		D21062C3281E26F100C89D54 /* NewTableViewController.swift in Sources */ = {isa = PBXBuildFile; fileRef = D21062C2281E26F100C89D54 /* NewTableViewController.swift */; };
		D21062C5281E271400C89D54 /* NewsTableViewCell.swift in Sources */ = {isa = PBXBuildFile; fileRef = D21062C4281E271400C89D54 /* NewsTableViewCell.swift */; };
		D212038A28296C5200074C29 /* GoogleService-Info.plist in Resources */ = {isa = PBXBuildFile; fileRef = D212038928296C5200074C29 /* GoogleService-Info.plist */; };
		D2125D47281CD18200BB98AD /* News.swift in Sources */ = {isa = PBXBuildFile; fileRef = D2125D46281CD18200BB98AD /* News.swift */; };
		D2125D49281CD19200BB98AD /* NetworkManager.swift in Sources */ = {isa = PBXBuildFile; fileRef = D2125D48281CD19200BB98AD /* NetworkManager.swift */; };
		D21FAB482825563100DAAE0B /* FirebaseAnalytics in Frameworks */ = {isa = PBXBuildFile; productRef = D21FAB472825563100DAAE0B /* FirebaseAnalytics */; };
		D21FAB4A2825563100DAAE0B /* FirebaseDatabase in Frameworks */ = {isa = PBXBuildFile; productRef = D21FAB492825563100DAAE0B /* FirebaseDatabase */; };
		D21FAB4C2825563100DAAE0B /* FirebaseDatabaseSwift in Frameworks */ = {isa = PBXBuildFile; productRef = D21FAB4B2825563100DAAE0B /* FirebaseDatabaseSwift */; };
		D22ECDFB2824E00E00D7BD7F /* LoginViewController.swift in Sources */ = {isa = PBXBuildFile; fileRef = D22ECDFA2824E00E00D7BD7F /* LoginViewController.swift */; };
		D22ECDFD2824E03B00D7BD7F /* RegisterViewController.swift in Sources */ = {isa = PBXBuildFile; fileRef = D22ECDFC2824E03B00D7BD7F /* RegisterViewController.swift */; };
		D258E2652829A0C400BEA698 /* YourNewsTableViewController.swift in Sources */ = {isa = PBXBuildFile; fileRef = D258E2642829A0C400BEA698 /* YourNewsTableViewController.swift */; };
		D258E2672829A0EE00BEA698 /* YourNewsTableViewCell.swift in Sources */ = {isa = PBXBuildFile; fileRef = D258E2662829A0EE00BEA698 /* YourNewsTableViewCell.swift */; };
		D258E2692829B76F00BEA698 /* DBManager.swift in Sources */ = {isa = PBXBuildFile; fileRef = D258E2682829B76E00BEA698 /* DBManager.swift */; };
		D25DA4DE281A010A00990FF0 /* AppDelegate.swift in Sources */ = {isa = PBXBuildFile; fileRef = D25DA4DD281A010A00990FF0 /* AppDelegate.swift */; };
		D25DA4E0281A010A00990FF0 /* SceneDelegate.swift in Sources */ = {isa = PBXBuildFile; fileRef = D25DA4DF281A010A00990FF0 /* SceneDelegate.swift */; };
		D25DA4E2281A010A00990FF0 /* ViewController.swift in Sources */ = {isa = PBXBuildFile; fileRef = D25DA4E1281A010A00990FF0 /* ViewController.swift */; };
		D25DA4E5281A010A00990FF0 /* Main.storyboard in Resources */ = {isa = PBXBuildFile; fileRef = D25DA4E3281A010A00990FF0 /* Main.storyboard */; };
		D25DA4E7281A011700990FF0 /* Assets.xcassets in Resources */ = {isa = PBXBuildFile; fileRef = D25DA4E6281A011700990FF0 /* Assets.xcassets */; };
		D25DA4EA281A011700990FF0 /* LaunchScreen.storyboard in Resources */ = {isa = PBXBuildFile; fileRef = D25DA4E8281A011700990FF0 /* LaunchScreen.storyboard */; };
		D26D58AD2820113D00FB7F23 /* SettingViewController.swift in Sources */ = {isa = PBXBuildFile; fileRef = D26D58AC2820113D00FB7F23 /* SettingViewController.swift */; };
		D26D58AF2820117A00FB7F23 /* HotTableViewController.swift in Sources */ = {isa = PBXBuildFile; fileRef = D26D58AE2820117A00FB7F23 /* HotTableViewController.swift */; };
		D26D58B1282011AB00FB7F23 /* HotTableViewCell.swift in Sources */ = {isa = PBXBuildFile; fileRef = D26D58B0282011AB00FB7F23 /* HotTableViewCell.swift */; };
		D28B4245282DF14500E1E101 /* NotLoginViewController.swift in Sources */ = {isa = PBXBuildFile; fileRef = D28B4244282DF14500E1E101 /* NotLoginViewController.swift */; };
		D29CC80B282C8A2D0024BC25 /* InfoViewController.swift in Sources */ = {isa = PBXBuildFile; fileRef = D29CC80A282C8A2D0024BC25 /* InfoViewController.swift */; };
/* End PBXBuildFile section */

/* Begin PBXFileReference section */
		D21062C2281E26F100C89D54 /* NewTableViewController.swift */ = {isa = PBXFileReference; lastKnownFileType = sourcecode.swift; path = NewTableViewController.swift; sourceTree = "<group>"; };
		D21062C4281E271400C89D54 /* NewsTableViewCell.swift */ = {isa = PBXFileReference; lastKnownFileType = sourcecode.swift; path = NewsTableViewCell.swift; sourceTree = "<group>"; };
		D212038928296C5200074C29 /* GoogleService-Info.plist */ = {isa = PBXFileReference; lastKnownFileType = text.plist; path = "GoogleService-Info.plist"; sourceTree = SOURCE_ROOT; };
		D2125D46281CD18200BB98AD /* News.swift */ = {isa = PBXFileReference; lastKnownFileType = sourcecode.swift; path = News.swift; sourceTree = "<group>"; };
		D2125D48281CD19200BB98AD /* NetworkManager.swift */ = {isa = PBXFileReference; lastKnownFileType = sourcecode.swift; path = NetworkManager.swift; sourceTree = "<group>"; };
		D22ECDFA2824E00E00D7BD7F /* LoginViewController.swift */ = {isa = PBXFileReference; lastKnownFileType = sourcecode.swift; path = LoginViewController.swift; sourceTree = "<group>"; };
		D22ECDFC2824E03B00D7BD7F /* RegisterViewController.swift */ = {isa = PBXFileReference; lastKnownFileType = sourcecode.swift; path = RegisterViewController.swift; sourceTree = "<group>"; };
		D258E2642829A0C400BEA698 /* YourNewsTableViewController.swift */ = {isa = PBXFileReference; lastKnownFileType = sourcecode.swift; path = YourNewsTableViewController.swift; sourceTree = "<group>"; };
		D258E2662829A0EE00BEA698 /* YourNewsTableViewCell.swift */ = {isa = PBXFileReference; lastKnownFileType = sourcecode.swift; path = YourNewsTableViewCell.swift; sourceTree = "<group>"; };
		D258E2682829B76E00BEA698 /* DBManager.swift */ = {isa = PBXFileReference; lastKnownFileType = sourcecode.swift; path = DBManager.swift; sourceTree = "<group>"; };
		D25DA4DA281A010A00990FF0 /* News.app */ = {isa = PBXFileReference; explicitFileType = wrapper.application; includeInIndex = 0; path = News.app; sourceTree = BUILT_PRODUCTS_DIR; };
		D25DA4DD281A010A00990FF0 /* AppDelegate.swift */ = {isa = PBXFileReference; lastKnownFileType = sourcecode.swift; path = AppDelegate.swift; sourceTree = "<group>"; };
		D25DA4DF281A010A00990FF0 /* SceneDelegate.swift */ = {isa = PBXFileReference; lastKnownFileType = sourcecode.swift; path = SceneDelegate.swift; sourceTree = "<group>"; };
		D25DA4E1281A010A00990FF0 /* ViewController.swift */ = {isa = PBXFileReference; lastKnownFileType = sourcecode.swift; path = ViewController.swift; sourceTree = "<group>"; };
		D25DA4E4281A010A00990FF0 /* Base */ = {isa = PBXFileReference; lastKnownFileType = file.storyboard; name = Base; path = Base.lproj/Main.storyboard; sourceTree = "<group>"; };
		D25DA4E6281A011700990FF0 /* Assets.xcassets */ = {isa = PBXFileReference; lastKnownFileType = folder.assetcatalog; path = Assets.xcassets; sourceTree = "<group>"; };
		D25DA4E9281A011700990FF0 /* Base */ = {isa = PBXFileReference; lastKnownFileType = file.storyboard; name = Base; path = Base.lproj/LaunchScreen.storyboard; sourceTree = "<group>"; };
		D25DA4EB281A011700990FF0 /* Info.plist */ = {isa = PBXFileReference; lastKnownFileType = text.plist.xml; path = Info.plist; sourceTree = "<group>"; };
		D26D58AC2820113D00FB7F23 /* SettingViewController.swift */ = {isa = PBXFileReference; lastKnownFileType = sourcecode.swift; path = SettingViewController.swift; sourceTree = "<group>"; };
		D26D58AE2820117A00FB7F23 /* HotTableViewController.swift */ = {isa = PBXFileReference; lastKnownFileType = sourcecode.swift; path = HotTableViewController.swift; sourceTree = "<group>"; };
		D26D58B0282011AB00FB7F23 /* HotTableViewCell.swift */ = {isa = PBXFileReference; lastKnownFileType = sourcecode.swift; path = HotTableViewCell.swift; sourceTree = "<group>"; };
		D28B4244282DF14500E1E101 /* NotLoginViewController.swift */ = {isa = PBXFileReference; lastKnownFileType = sourcecode.swift; path = NotLoginViewController.swift; sourceTree = "<group>"; };
		D29CC80A282C8A2D0024BC25 /* InfoViewController.swift */ = {isa = PBXFileReference; lastKnownFileType = sourcecode.swift; path = InfoViewController.swift; sourceTree = "<group>"; };
/* End PBXFileReference section */

/* Begin PBXFrameworksBuildPhase section */
		D25DA4D7281A010A00990FF0 /* Frameworks */ = {
			isa = PBXFrameworksBuildPhase;
			buildActionMask = 2147483647;
			files = (
				D21FAB4C2825563100DAAE0B /* FirebaseDatabaseSwift in Frameworks */,
				D21FAB4A2825563100DAAE0B /* FirebaseDatabase in Frameworks */,
				D21FAB482825563100DAAE0B /* FirebaseAnalytics in Frameworks */,
			);
			runOnlyForDeploymentPostprocessing = 0;
		};
/* End PBXFrameworksBuildPhase section */

/* Begin PBXGroup section */
		D21062C0281E267A00C89D54 /* Controllers */ = {
			isa = PBXGroup;
			children = (
				D258E2632829A07F00BEA698 /* YourNews */,
				D26D58AB2820110500FB7F23 /* Login & Register */,
				D26D58A9282010D300FB7F23 /* Hot */,
				D26D58A8282010C700FB7F23 /* Setting */,
				D21062C1281E26AF00C89D54 /* Home */,
			);
			name = Controllers;
			sourceTree = "<group>";
		};
		D21062C1281E26AF00C89D54 /* Home */ = {
			isa = PBXGroup;
			children = (
				D21062C2281E26F100C89D54 /* NewTableViewController.swift */,
				D21062C4281E271400C89D54 /* NewsTableViewCell.swift */,
			);
			path = Home;
			sourceTree = "<group>";
		};
		D2125D44281CD16200BB98AD /* Services */ = {
			isa = PBXGroup;
			children = (
				D2125D48281CD19200BB98AD /* NetworkManager.swift */,
				D258E2682829B76E00BEA698 /* DBManager.swift */,
			);
			name = Services;
			sourceTree = "<group>";
		};
		D2125D45281CD16E00BB98AD /* Models */ = {
			isa = PBXGroup;
			children = (
				D2125D46281CD18200BB98AD /* News.swift */,
			);
			path = Models;
			sourceTree = "<group>";
		};
		D258E2632829A07F00BEA698 /* YourNews */ = {
			isa = PBXGroup;
			children = (
				D258E2642829A0C400BEA698 /* YourNewsTableViewController.swift */,
				D258E2662829A0EE00BEA698 /* YourNewsTableViewCell.swift */,
			);
			path = YourNews;
			sourceTree = "<group>";
		};
		D25DA4D1281A010900990FF0 = {
			isa = PBXGroup;
			children = (
				D25DA4DC281A010A00990FF0 /* News */,
				D25DA4DB281A010A00990FF0 /* Products */,
			);
			sourceTree = "<group>";
		};
		D25DA4DB281A010A00990FF0 /* Products */ = {
			isa = PBXGroup;
			children = (
				D25DA4DA281A010A00990FF0 /* News.app */,
			);
			name = Products;
			sourceTree = "<group>";
		};
		D25DA4DC281A010A00990FF0 /* News */ = {
			isa = PBXGroup;
			children = (
				D21062C0281E267A00C89D54 /* Controllers */,
				D2125D45281CD16E00BB98AD /* Models */,
				D2125D44281CD16200BB98AD /* Services */,
				D25DA4DD281A010A00990FF0 /* AppDelegate.swift */,
				D25DA4DF281A010A00990FF0 /* SceneDelegate.swift */,
				D25DA4E1281A010A00990FF0 /* ViewController.swift */,
				D212038928296C5200074C29 /* GoogleService-Info.plist */,
				D25DA4E3281A010A00990FF0 /* Main.storyboard */,
				D25DA4E6281A011700990FF0 /* Assets.xcassets */,
				D25DA4E8281A011700990FF0 /* LaunchScreen.storyboard */,
				D25DA4EB281A011700990FF0 /* Info.plist */,
			);
			path = News;
			sourceTree = "<group>";
		};
		D26D58A8282010C700FB7F23 /* Setting */ = {
			isa = PBXGroup;
			children = (
				D26D58AC2820113D00FB7F23 /* SettingViewController.swift */,
			);
			name = Setting;
			sourceTree = "<group>";
		};
		D26D58A9282010D300FB7F23 /* Hot */ = {
			isa = PBXGroup;
			children = (
				D26D58AE2820117A00FB7F23 /* HotTableViewController.swift */,
				D26D58B0282011AB00FB7F23 /* HotTableViewCell.swift */,
			);
			name = Hot;
			sourceTree = "<group>";
		};
		D26D58AB2820110500FB7F23 /* Login & Register */ = {
			isa = PBXGroup;
			children = (
				D22ECDFA2824E00E00D7BD7F /* LoginViewController.swift */,
				D22ECDFC2824E03B00D7BD7F /* RegisterViewController.swift */,
				D29CC80A282C8A2D0024BC25 /* InfoViewController.swift */,
				D28B4244282DF14500E1E101 /* NotLoginViewController.swift */,
			);
			name = "Login & Register";
			sourceTree = "<group>";
		};
/* End PBXGroup section */

/* Begin PBXNativeTarget section */
		D25DA4D9281A010A00990FF0 /* News */ = {
			isa = PBXNativeTarget;
			buildConfigurationList = D25DA4EE281A011700990FF0 /* Build configuration list for PBXNativeTarget "News" */;
			buildPhases = (
				D25DA4D6281A010A00990FF0 /* Sources */,
				D25DA4D7281A010A00990FF0 /* Frameworks */,
				D25DA4D8281A010A00990FF0 /* Resources */,
			);
			buildRules = (
			);
			dependencies = (
			);
			name = News;
			packageProductDependencies = (
				D21FAB472825563100DAAE0B /* FirebaseAnalytics */,
				D21FAB492825563100DAAE0B /* FirebaseDatabase */,
				D21FAB4B2825563100DAAE0B /* FirebaseDatabaseSwift */,
			);
			productName = News;
			productReference = D25DA4DA281A010A00990FF0 /* News.app */;
			productType = "com.apple.product-type.application";
		};
/* End PBXNativeTarget section */

/* Begin PBXProject section */
		D25DA4D2281A010A00990FF0 /* Project object */ = {
			isa = PBXProject;
			attributes = {
				BuildIndependentTargetsInParallel = 1;
				LastSwiftUpdateCheck = 1320;
				LastUpgradeCheck = 1320;
				TargetAttributes = {
					D25DA4D9281A010A00990FF0 = {
						CreatedOnToolsVersion = 13.2.1;
					};
				};
			};
			buildConfigurationList = D25DA4D5281A010A00990FF0 /* Build configuration list for PBXProject "News" */;
			compatibilityVersion = "Xcode 13.0";
			developmentRegion = en;
			hasScannedForEncodings = 0;
			knownRegions = (
				en,
				Base,
			);
			mainGroup = D25DA4D1281A010900990FF0;
			packageReferences = (
				D21FAB462825563100DAAE0B /* XCRemoteSwiftPackageReference "firebase-ios-sdk" */,
			);
			productRefGroup = D25DA4DB281A010A00990FF0 /* Products */;
			projectDirPath = "";
			projectRoot = "";
			targets = (
				D25DA4D9281A010A00990FF0 /* News */,
			);
		};
/* End PBXProject section */

/* Begin PBXResourcesBuildPhase section */
		D25DA4D8281A010A00990FF0 /* Resources */ = {
			isa = PBXResourcesBuildPhase;
			buildActionMask = 2147483647;
			files = (
				D25DA4EA281A011700990FF0 /* LaunchScreen.storyboard in Resources */,
				D212038A28296C5200074C29 /* GoogleService-Info.plist in Resources */,
				D25DA4E7281A011700990FF0 /* Assets.xcassets in Resources */,
				D25DA4E5281A010A00990FF0 /* Main.storyboard in Resources */,
			);
			runOnlyForDeploymentPostprocessing = 0;
		};
/* End PBXResourcesBuildPhase section */

/* Begin PBXSourcesBuildPhase section */
		D25DA4D6281A010A00990FF0 /* Sources */ = {
			isa = PBXSourcesBuildPhase;
			buildActionMask = 2147483647;
			files = (
				D21062C5281E271400C89D54 /* NewsTableViewCell.swift in Sources */,
				D21062C3281E26F100C89D54 /* NewTableViewController.swift in Sources */,
				D25DA4E2281A010A00990FF0 /* ViewController.swift in Sources */,
				D22ECDFD2824E03B00D7BD7F /* RegisterViewController.swift in Sources */,
				D26D58B1282011AB00FB7F23 /* HotTableViewCell.swift in Sources */,
				D26D58AD2820113D00FB7F23 /* SettingViewController.swift in Sources */,
				D26D58AF2820117A00FB7F23 /* HotTableViewController.swift in Sources */,
				D258E2672829A0EE00BEA698 /* YourNewsTableViewCell.swift in Sources */,
				D258E2652829A0C400BEA698 /* YourNewsTableViewController.swift in Sources */,
				D25DA4DE281A010A00990FF0 /* AppDelegate.swift in Sources */,
				D28B4245282DF14500E1E101 /* NotLoginViewController.swift in Sources */,
				D258E2692829B76F00BEA698 /* DBManager.swift in Sources */,
				D2125D49281CD19200BB98AD /* NetworkManager.swift in Sources */,
				D2125D47281CD18200BB98AD /* News.swift in Sources */,
				D25DA4E0281A010A00990FF0 /* SceneDelegate.swift in Sources */,
				D29CC80B282C8A2D0024BC25 /* InfoViewController.swift in Sources */,
				D22ECDFB2824E00E00D7BD7F /* LoginViewController.swift in Sources */,
			);
			runOnlyForDeploymentPostprocessing = 0;
		};
/* End PBXSourcesBuildPhase section */

/* Begin PBXVariantGroup section */
		D25DA4E3281A010A00990FF0 /* Main.storyboard */ = {
			isa = PBXVariantGroup;
			children = (
				D25DA4E4281A010A00990FF0 /* Base */,
			);
			name = Main.storyboard;
			sourceTree = "<group>";
		};
		D25DA4E8281A011700990FF0 /* LaunchScreen.storyboard */ = {
			isa = PBXVariantGroup;
			children = (
				D25DA4E9281A011700990FF0 /* Base */,
			);
			name = LaunchScreen.storyboard;
			sourceTree = "<group>";
		};
/* End PBXVariantGroup section */

/* Begin XCBuildConfiguration section */
		D25DA4EC281A011700990FF0 /* Debug */ = {
			isa = XCBuildConfiguration;
			buildSettings = {
				ALWAYS_SEARCH_USER_PATHS = NO;
				CLANG_ANALYZER_NONNULL = YES;
				CLANG_ANALYZER_NUMBER_OBJECT_CONVERSION = YES_AGGRESSIVE;
				CLANG_CXX_LANGUAGE_STANDARD = "gnu++17";
				CLANG_CXX_LIBRARY = "libc++";
				CLANG_ENABLE_MODULES = YES;
				CLANG_ENABLE_OBJC_ARC = YES;
				CLANG_ENABLE_OBJC_WEAK = YES;
				CLANG_WARN_BLOCK_CAPTURE_AUTORELEASING = YES;
				CLANG_WARN_BOOL_CONVERSION = YES;
				CLANG_WARN_COMMA = YES;
				CLANG_WARN_CONSTANT_CONVERSION = YES;
				CLANG_WARN_DEPRECATED_OBJC_IMPLEMENTATIONS = YES;
				CLANG_WARN_DIRECT_OBJC_ISA_USAGE = YES_ERROR;
				CLANG_WARN_DOCUMENTATION_COMMENTS = YES;
				CLANG_WARN_EMPTY_BODY = YES;
				CLANG_WARN_ENUM_CONVERSION = YES;
				CLANG_WARN_INFINITE_RECURSION = YES;
				CLANG_WARN_INT_CONVERSION = YES;
				CLANG_WARN_NON_LITERAL_NULL_CONVERSION = YES;
				CLANG_WARN_OBJC_IMPLICIT_RETAIN_SELF = YES;
				CLANG_WARN_OBJC_LITERAL_CONVERSION = YES;
				CLANG_WARN_OBJC_ROOT_CLASS = YES_ERROR;
				CLANG_WARN_QUOTED_INCLUDE_IN_FRAMEWORK_HEADER = YES;
				CLANG_WARN_RANGE_LOOP_ANALYSIS = YES;
				CLANG_WARN_STRICT_PROTOTYPES = YES;
				CLANG_WARN_SUSPICIOUS_MOVE = YES;
				CLANG_WARN_UNGUARDED_AVAILABILITY = YES_AGGRESSIVE;
				CLANG_WARN_UNREACHABLE_CODE = YES;
				CLANG_WARN__DUPLICATE_METHOD_MATCH = YES;
				COPY_PHASE_STRIP = NO;
				DEBUG_INFORMATION_FORMAT = dwarf;
				ENABLE_STRICT_OBJC_MSGSEND = YES;
				ENABLE_TESTABILITY = YES;
				GCC_C_LANGUAGE_STANDARD = gnu11;
				GCC_DYNAMIC_NO_PIC = NO;
				GCC_NO_COMMON_BLOCKS = YES;
				GCC_OPTIMIZATION_LEVEL = 0;
				GCC_PREPROCESSOR_DEFINITIONS = (
					"DEBUG=1",
					"$(inherited)",
				);
				GCC_WARN_64_TO_32_BIT_CONVERSION = YES;
				GCC_WARN_ABOUT_RETURN_TYPE = YES_ERROR;
				GCC_WARN_UNDECLARED_SELECTOR = YES;
				GCC_WARN_UNINITIALIZED_AUTOS = YES_AGGRESSIVE;
				GCC_WARN_UNUSED_FUNCTION = YES;
				GCC_WARN_UNUSED_VARIABLE = YES;
				IPHONEOS_DEPLOYMENT_TARGET = 15.2;
				MTL_ENABLE_DEBUG_INFO = INCLUDE_SOURCE;
				MTL_FAST_MATH = YES;
				ONLY_ACTIVE_ARCH = YES;
				SDKROOT = iphoneos;
				SWIFT_ACTIVE_COMPILATION_CONDITIONS = DEBUG;
				SWIFT_OPTIMIZATION_LEVEL = "-Onone";
			};
			name = Debug;
		};
		D25DA4ED281A011700990FF0 /* Release */ = {
			isa = XCBuildConfiguration;
			buildSettings = {
				ALWAYS_SEARCH_USER_PATHS = NO;
				CLANG_ANALYZER_NONNULL = YES;
				CLANG_ANALYZER_NUMBER_OBJECT_CONVERSION = YES_AGGRESSIVE;
				CLANG_CXX_LANGUAGE_STANDARD = "gnu++17";
				CLANG_CXX_LIBRARY = "libc++";
				CLANG_ENABLE_MODULES = YES;
				CLANG_ENABLE_OBJC_ARC = YES;
				CLANG_ENABLE_OBJC_WEAK = YES;
				CLANG_WARN_BLOCK_CAPTURE_AUTORELEASING = YES;
				CLANG_WARN_BOOL_CONVERSION = YES;
				CLANG_WARN_COMMA = YES;
				CLANG_WARN_CONSTANT_CONVERSION = YES;
				CLANG_WARN_DEPRECATED_OBJC_IMPLEMENTATIONS = YES;
				CLANG_WARN_DIRECT_OBJC_ISA_USAGE = YES_ERROR;
				CLANG_WARN_DOCUMENTATION_COMMENTS = YES;
				CLANG_WARN_EMPTY_BODY = YES;
				CLANG_WARN_ENUM_CONVERSION = YES;
				CLANG_WARN_INFINITE_RECURSION = YES;
				CLANG_WARN_INT_CONVERSION = YES;
				CLANG_WARN_NON_LITERAL_NULL_CONVERSION = YES;
				CLANG_WARN_OBJC_IMPLICIT_RETAIN_SELF = YES;
				CLANG_WARN_OBJC_LITERAL_CONVERSION = YES;
				CLANG_WARN_OBJC_ROOT_CLASS = YES_ERROR;
				CLANG_WARN_QUOTED_INCLUDE_IN_FRAMEWORK_HEADER = YES;
				CLANG_WARN_RANGE_LOOP_ANALYSIS = YES;
				CLANG_WARN_STRICT_PROTOTYPES = YES;
				CLANG_WARN_SUSPICIOUS_MOVE = YES;
				CLANG_WARN_UNGUARDED_AVAILABILITY = YES_AGGRESSIVE;
				CLANG_WARN_UNREACHABLE_CODE = YES;
				CLANG_WARN__DUPLICATE_METHOD_MATCH = YES;
				COPY_PHASE_STRIP = NO;
				DEBUG_INFORMATION_FORMAT = "dwarf-with-dsym";
				ENABLE_NS_ASSERTIONS = NO;
				ENABLE_STRICT_OBJC_MSGSEND = YES;
				GCC_C_LANGUAGE_STANDARD = gnu11;
				GCC_NO_COMMON_BLOCKS = YES;
				GCC_WARN_64_TO_32_BIT_CONVERSION = YES;
				GCC_WARN_ABOUT_RETURN_TYPE = YES_ERROR;
				GCC_WARN_UNDECLARED_SELECTOR = YES;
				GCC_WARN_UNINITIALIZED_AUTOS = YES_AGGRESSIVE;
				GCC_WARN_UNUSED_FUNCTION = YES;
				GCC_WARN_UNUSED_VARIABLE = YES;
				IPHONEOS_DEPLOYMENT_TARGET = 15.2;
				MTL_ENABLE_DEBUG_INFO = NO;
				MTL_FAST_MATH = YES;
				SDKROOT = iphoneos;
				SWIFT_COMPILATION_MODE = wholemodule;
				SWIFT_OPTIMIZATION_LEVEL = "-O";
				VALIDATE_PRODUCT = YES;
			};
			name = Release;
		};
		D25DA4EF281A011700990FF0 /* Debug */ = {
			isa = XCBuildConfiguration;
			buildSettings = {
				ASSETCATALOG_COMPILER_APPICON_NAME = AppIcon;
				ASSETCATALOG_COMPILER_GLOBAL_ACCENT_COLOR_NAME = AccentColor;
				CODE_SIGN_STYLE = Automatic;
				CURRENT_PROJECT_VERSION = 1;
				GENERATE_INFOPLIST_FILE = YES;
				INFOPLIST_FILE = News/Info.plist;
				INFOPLIST_KEY_UIApplicationSupportsIndirectInputEvents = YES;
				INFOPLIST_KEY_UILaunchStoryboardName = LaunchScreen;
				INFOPLIST_KEY_UIMainStoryboardFile = Main;
				INFOPLIST_KEY_UISupportedInterfaceOrientations_iPad = "UIInterfaceOrientationPortrait UIInterfaceOrientationPortraitUpsideDown UIInterfaceOrientationLandscapeLeft UIInterfaceOrientationLandscapeRight";
				INFOPLIST_KEY_UISupportedInterfaceOrientations_iPhone = "UIInterfaceOrientationPortrait UIInterfaceOrientationLandscapeLeft UIInterfaceOrientationLandscapeRight";
				LD_RUNPATH_SEARCH_PATHS = (
					"$(inherited)",
					"@executable_path/Frameworks",
				);
				MARKETING_VERSION = 1.0;
				PRODUCT_BUNDLE_IDENTIFIER = tdc.edu.vn.News;
				PRODUCT_NAME = "$(TARGET_NAME)";
				SWIFT_EMIT_LOC_STRINGS = YES;
				SWIFT_VERSION = 5.0;
				TARGETED_DEVICE_FAMILY = "1,2";
			};
			name = Debug;
		};
		D25DA4F0281A011700990FF0 /* Release */ = {
			isa = XCBuildConfiguration;
			buildSettings = {
				ASSETCATALOG_COMPILER_APPICON_NAME = AppIcon;
				ASSETCATALOG_COMPILER_GLOBAL_ACCENT_COLOR_NAME = AccentColor;
				CODE_SIGN_STYLE = Automatic;
				CURRENT_PROJECT_VERSION = 1;
				GENERATE_INFOPLIST_FILE = YES;
				INFOPLIST_FILE = News/Info.plist;
				INFOPLIST_KEY_UIApplicationSupportsIndirectInputEvents = YES;
				INFOPLIST_KEY_UILaunchStoryboardName = LaunchScreen;
				INFOPLIST_KEY_UIMainStoryboardFile = Main;
				INFOPLIST_KEY_UISupportedInterfaceOrientations_iPad = "UIInterfaceOrientationPortrait UIInterfaceOrientationPortraitUpsideDown UIInterfaceOrientationLandscapeLeft UIInterfaceOrientationLandscapeRight";
				INFOPLIST_KEY_UISupportedInterfaceOrientations_iPhone = "UIInterfaceOrientationPortrait UIInterfaceOrientationLandscapeLeft UIInterfaceOrientationLandscapeRight";
				LD_RUNPATH_SEARCH_PATHS = (
					"$(inherited)",
					"@executable_path/Frameworks",
				);
				MARKETING_VERSION = 1.0;
				PRODUCT_BUNDLE_IDENTIFIER = tdc.edu.vn.News;
				PRODUCT_NAME = "$(TARGET_NAME)";
				SWIFT_EMIT_LOC_STRINGS = YES;
				SWIFT_VERSION = 5.0;
				TARGETED_DEVICE_FAMILY = "1,2";
			};
			name = Release;
		};
/* End XCBuildConfiguration section */

/* Begin XCConfigurationList section */
		D25DA4D5281A010A00990FF0 /* Build configuration list for PBXProject "News" */ = {
			isa = XCConfigurationList;
			buildConfigurations = (
				D25DA4EC281A011700990FF0 /* Debug */,
				D25DA4ED281A011700990FF0 /* Release */,
			);
			defaultConfigurationIsVisible = 0;
			defaultConfigurationName = Release;
		};
		D25DA4EE281A011700990FF0 /* Build configuration list for PBXNativeTarget "News" */ = {
			isa = XCConfigurationList;
			buildConfigurations = (
				D25DA4EF281A011700990FF0 /* Debug */,
				D25DA4F0281A011700990FF0 /* Release */,
			);
			defaultConfigurationIsVisible = 0;
			defaultConfigurationName = Release;
		};
/* End XCConfigurationList section */

/* Begin XCRemoteSwiftPackageReference section */
		D21FAB462825563100DAAE0B /* XCRemoteSwiftPackageReference "firebase-ios-sdk" */ = {
			isa = XCRemoteSwiftPackageReference;
			repositoryURL = "https://github.com/firebase/firebase-ios-sdk";
			requirement = {
				branch = master;
				kind = branch;
			};
		};
/* End XCRemoteSwiftPackageReference section */

/* Begin XCSwiftPackageProductDependency section */
		D21FAB472825563100DAAE0B /* FirebaseAnalytics */ = {
			isa = XCSwiftPackageProductDependency;
			package = D21FAB462825563100DAAE0B /* XCRemoteSwiftPackageReference "firebase-ios-sdk" */;
			productName = FirebaseAnalytics;
		};
		D21FAB492825563100DAAE0B /* FirebaseDatabase */ = {
			isa = XCSwiftPackageProductDependency;
			package = D21FAB462825563100DAAE0B /* XCRemoteSwiftPackageReference "firebase-ios-sdk" */;
			productName = FirebaseDatabase;
		};
		D21FAB4B2825563100DAAE0B /* FirebaseDatabaseSwift */ = {
			isa = XCSwiftPackageProductDependency;
			package = D21FAB462825563100DAAE0B /* XCRemoteSwiftPackageReference "firebase-ios-sdk" */;
			productName = FirebaseDatabaseSwift;
		};
/* End XCSwiftPackageProductDependency section */
	};
	rootObject = D25DA4D2281A010A00990FF0 /* Project object */;
}
